github.com/joho/godotenv v1.5.1 h1:7eLL/+HRGLY0ldzfGMeQkb7vMd0as4CfYvUVzLqw0N0=
github.com/joho/godotenv v1.5.1/go.mod h1:f4LDr5Voq0i2e/R5DDNOoa2zzDfwtkZa6DnEwAbqwq4=
github.com/taigrr/elevenlabs v0.1.18 h1:ZvRsLjzV4ov6Rdls7MNFKvcknLc527RR6beV6pjukJU=
github.com/taigrr/elevenlabs v0.1.18/go.mod h1:ardwj7FGIQbpvRl+UpdRzVnxOuo7QQxqC3YhFcvY1gM=
